
Microsoft Visual Studio Solution File, Format Version 12.00
# Visual Studio Version 17
VisualStudioVersion = 17.0.31903.59
MinimumVisualStudioVersion = 10.0.40219.1
Project("{2150E333-8FDC-42A3-9474-1A3956D46DE8}") = "shared", "shared", "{3BF93182-9EF5-42A3-984F-450C70472741}"
EndProject
Project("{FAE04EC0-301F-11D3-BF4B-00C04F79EFBC}") = "LifeBlood.SharedKernel", "shared\LifeBlood.SharedKernel\LifeBlood.SharedKernel.csproj", "{38AAC677-8455-46A5-AA0C-9BB365D20D56}"
EndProject
Project("{FAE04EC0-301F-11D3-BF4B-00C04F79EFBC}") = "LifeBlood.SharedKernel.Stream", "shared\LifeBlood.SharedKernel.Stream\LifeBlood.SharedKernel.Stream.csproj", "{EA757062-248D-4707-8450-517FACE5914E}"
EndProject
Global
	GlobalSection(SolutionConfigurationPlatforms) = preSolution
		Debug|Any CPU = Debug|Any CPU
		Release|Any CPU = Release|Any CPU
	EndGlobalSection
	GlobalSection(SolutionProperties) = preSolution
		HideSolutionNode = FALSE
	EndGlobalSection
	GlobalSection(ProjectConfigurationPlatforms) = postSolution
		{38AAC677-8455-46A5-AA0C-9BB365D20D56}.Debug|Any CPU.ActiveCfg = Debug|Any CPU
		{38AAC677-8455-46A5-AA0C-9BB365D20D56}.Debug|Any CPU.Build.0 = Debug|Any CPU
		{38AAC677-8455-46A5-AA0C-9BB365D20D56}.Release|Any CPU.ActiveCfg = Release|Any CPU
		{38AAC677-8455-46A5-AA0C-9BB365D20D56}.Release|Any CPU.Build.0 = Release|Any CPU
		{EA757062-248D-4707-8450-517FACE5914E}.Debug|Any CPU.ActiveCfg = Debug|Any CPU
		{EA757062-248D-4707-8450-517FACE5914E}.Debug|Any CPU.Build.0 = Debug|Any CPU
		{EA757062-248D-4707-8450-517FACE5914E}.Release|Any CPU.ActiveCfg = Release|Any CPU
		{EA757062-248D-4707-8450-517FACE5914E}.Release|Any CPU.Build.0 = Release|Any CPU
	EndGlobalSection
	GlobalSection(NestedProjects) = preSolution
		{38AAC677-8455-46A5-AA0C-9BB365D20D56} = {3BF93182-9EF5-42A3-984F-450C70472741}
		{EA757062-248D-4707-8450-517FACE5914E} = {3BF93182-9EF5-42A3-984F-450C70472741}
	EndGlobalSection
EndGlobal
