{
  "version": 1,
  "dependencies": {
    "net9.0": {
      "RabbitMQ.Client": {
        "type": "Direct",
        "requested": "[6.8.1, )",
        "resolved": "6.8.1",
        "contentHash": "jNsmGgmCNw2S/NzskeN2ijtGywtH4Sk/G6jWUTD5sY9SrC27Xz6BsLIiB8hdsfjeyWCa4j4GvCIGkpE8wrjU1Q==",
        "dependencies": {
          "System.Memory": "4.5.5",
          "System.Threading.Channels": "7.0.0"
        }
      },
      "DevSource.Stack.Notifications": {
        "type": "Transitive",
        "resolved": "1.0.9",
        "contentHash": "qpGG2Cgr6HpeFvKNXTf6+iib68Vmcfz8bUhswKjs/stbEFET17MX7Fnv9NlKsnvRcj5eld3xMrk7h8NU0J0HZg=="
      },
      "Microsoft.AspNetCore.OpenApi": {
        "type": "Transitive",
        "resolved": "9.0.2",
        "contentHash": "JUndpjRNdG8GvzBLH/J4hen4ehWaPcshtiQ6+sUs1Bcj3a7dOsmWpDloDlpPeMOVSlhHwUJ3Xld0ClZjsFLgFQ==",
        "dependencies": {
          "Microsoft.OpenApi": "1.6.17"
        }
      },
      "Microsoft.OpenApi": {
        "type": "Transitive",
        "resolved": "1.6.17",
        "contentHash": "Le+kehlmrlQfuDFUt1zZ2dVwrhFQtKREdKBo+rexOwaCoYP0/qpgT9tLxCsZjsgR5Itk1UKPcbgO+FyaNid/bA=="
      },
      "System.Memory": {
        "type": "Transitive",
        "resolved": "4.5.5",
        "contentHash": "XIWiDvKPXaTveaB7HVganDlOCRoj03l+jrwNvcge/t8vhGYKvqV+dMv6G4SAX2NoNmN0wZfVPTAlFwZcZvVOUw=="
      },
      "System.Threading.Channels": {
        "type": "Transitive",
        "resolved": "7.0.0",
        "contentHash": "qmeeYNROMsONF6ndEZcIQ+VxR4Q/TX/7uIVLJqtwIWL7dDWeh0l1UIqgo4wYyjG//5lUNhwkLDSFl+pAWO6oiA=="
      },
      "lifeblood.sharedkernel": {
        "type": "Project",
        "dependencies": {
          "DevSource.Stack.Notifications": "[1.0.9, )",
          "Microsoft.AspNetCore.OpenApi": "[9.0.2, )"
        }
      }
    }
  }
}